
Microsoft Visual Studio Solution File, Format Version 12.00
# Visual Studio Version 17
VisualStudioVersion = 17.0.31903.59
MinimumVisualStudioVersion = 10.0.40219.1
Project("{2150E333-8FDC-42A3-9474-1A3956D46DE8}") = "src", "src", "{2EEB82E6-7731-4961-882C-B787534D58EC}"
EndProject
Project("{FAE04EC0-301F-11D3-BF4B-00C04F79EFBC}") = "LogConverter", "src\LogConverter\LogConverter.csproj", "{6A285449-B7C2-4109-905E-A39A0AF1D4BF}"
EndProject
Project("{FAE04EC0-301F-11D3-BF4B-00C04F79EFBC}") = "LogTestApp", "src\LogTestApp\LogTestApp.csproj", "{97056EE4-F81F-44B5-BB9F-E87793787837}"
EndProject
Global
	GlobalSection(SolutionConfigurationPlatforms) = preSolution
		Debug|Any CPU = Debug|Any CPU
		Release|Any CPU = Release|Any CPU
	EndGlobalSection
	GlobalSection(SolutionProperties) = preSolution
		HideSolutionNode = FALSE
	EndGlobalSection
	GlobalSection(ProjectConfigurationPlatforms) = postSolution
		{6A285449-B7C2-4109-905E-A39A0AF1D4BF}.Debug|Any CPU.ActiveCfg = Debug|Any CPU
		{6A285449-B7C2-4109-905E-A39A0AF1D4BF}.Debug|Any CPU.Build.0 = Debug|Any CPU
		{6A285449-B7C2-4109-905E-A39A0AF1D4BF}.Release|Any CPU.ActiveCfg = Release|Any CPU
		{6A285449-B7C2-4109-905E-A39A0AF1D4BF}.Release|Any CPU.Build.0 = Release|Any CPU
		{97056EE4-F81F-44B5-BB9F-E87793787837}.Debug|Any CPU.ActiveCfg = Debug|Any CPU
		{97056EE4-F81F-44B5-BB9F-E87793787837}.Debug|Any CPU.Build.0 = Debug|Any CPU
		{97056EE4-F81F-44B5-BB9F-E87793787837}.Release|Any CPU.ActiveCfg = Release|Any CPU
		{97056EE4-F81F-44B5-BB9F-E87793787837}.Release|Any CPU.Build.0 = Release|Any CPU
	EndGlobalSection
	GlobalSection(NestedProjects) = preSolution
		{6A285449-B7C2-4109-905E-A39A0AF1D4BF} = {2EEB82E6-7731-4961-882C-B787534D58EC}
		{97056EE4-F81F-44B5-BB9F-E87793787837} = {2EEB82E6-7731-4961-882C-B787534D58EC}
	EndGlobalSection
EndGlobal
